
Microsoft Visual Studio Solution File, Format Version 12.00
# Visual Studio 15
VisualStudioVersion = 15.0.28307.136
MinimumVisualStudioVersion = 10.0.40219.1
Project("{FAE04EC0-301F-11D3-BF4B-00C04F79EFBC}") = "Watch", "Watch\Watch\Watch.csproj", "{3A6834E0-230C-4AD0-AAE7-4402BCF299F4}"
EndProject
Project("{FAE04EC0-301F-11D3-BF4B-00C04F79EFBC}") = "Watch.Android", "Watch\Watch.Android\Watch.Android.csproj", "{58EC5F07-8172-4E97-A95B-8761D81F3945}"
EndProject
Project("{FAE04EC0-301F-11D3-BF4B-00C04F79EFBC}") = "Watch.iOS", "Watch\Watch.iOS\Watch.iOS.csproj", "{3A31DB05-7BBE-4AF1-87A8-B037BCDFB7C0}"
EndProject
Project("{FAE04EC0-301F-11D3-BF4B-00C04F79EFBC}") = "Watch.UWP", "Watch\Watch.UWP\Watch.UWP.csproj", "{595979C2-5CFD-4B90-9366-B97A2B7604F0}"
EndProject
Global
	GlobalSection(SolutionConfigurationPlatforms) = preSolution
		Ad-Hoc|Any CPU = Ad-Hoc|Any CPU
		Ad-Hoc|ARM = Ad-Hoc|ARM
		Ad-Hoc|iPhone = Ad-Hoc|iPhone
		Ad-Hoc|iPhoneSimulator = Ad-Hoc|iPhoneSimulator
		Ad-Hoc|x64 = Ad-Hoc|x64
		Ad-Hoc|x86 = Ad-Hoc|x86
		AppStore|Any CPU = AppStore|Any CPU
		AppStore|ARM = AppStore|ARM
		AppStore|iPhone = AppStore|iPhone
		AppStore|iPhoneSimulator = AppStore|iPhoneSimulator
		AppStore|x64 = AppStore|x64
		AppStore|x86 = AppStore|x86
		Debug|Any CPU = Debug|Any CPU
		Debug|ARM = Debug|ARM
		Debug|iPhone = Debug|iPhone
		Debug|iPhoneSimulator = Debug|iPhoneSimulator
		Debug|x64 = Debug|x64
		Debug|x86 = Debug|x86
		Release|Any CPU = Release|Any CPU
		Release|ARM = Release|ARM
		Release|iPhone = Release|iPhone
		Release|iPhoneSimulator = Release|iPhoneSimulator
		Release|x64 = Release|x64
		Release|x86 = Release|x86
	EndGlobalSection
	GlobalSection(ProjectConfigurationPlatforms) = postSolution
		{3A6834E0-230C-4AD0-AAE7-4402BCF299F4}.Ad-Hoc|Any CPU.ActiveCfg = Debug|Any CPU
		{3A6834E0-230C-4AD0-AAE7-4402BCF299F4}.Ad-Hoc|Any CPU.Build.0 = Debug|Any CPU
		{3A6834E0-230C-4AD0-AAE7-4402BCF299F4}.Ad-Hoc|ARM.ActiveCfg = Debug|Any CPU
		{3A6834E0-230C-4AD0-AAE7-4402BCF299F4}.Ad-Hoc|ARM.Build.0 = Debug|Any CPU
		{3A6834E0-230C-4AD0-AAE7-4402BCF299F4}.Ad-Hoc|iPhone.ActiveCfg = Debug|Any CPU
		{3A6834E0-230C-4AD0-AAE7-4402BCF299F4}.Ad-Hoc|iPhone.Build.0 = Debug|Any CPU
		{3A6834E0-230C-4AD0-AAE7-4402BCF299F4}.Ad-Hoc|iPhoneSimulator.ActiveCfg = Debug|Any CPU
		{3A6834E0-230C-4AD0-AAE7-4402BCF299F4}.Ad-Hoc|iPhoneSimulator.Build.0 = Debug|Any CPU
		{3A6834E0-230C-4AD0-AAE7-4402BCF299F4}.Ad-Hoc|x64.ActiveCfg = Debug|Any CPU
		{3A6834E0-230C-4AD0-AAE7-4402BCF299F4}.Ad-Hoc|x64.Build.0 = Debug|Any CPU
		{3A6834E0-230C-4AD0-AAE7-4402BCF299F4}.Ad-Hoc|x86.ActiveCfg = Debug|Any CPU
		{3A6834E0-230C-4AD0-AAE7-4402BCF299F4}.Ad-Hoc|x86.Build.0 = Debug|Any CPU
		{3A6834E0-230C-4AD0-AAE7-4402BCF299F4}.AppStore|Any CPU.ActiveCfg = Debug|Any CPU
		{3A6834E0-230C-4AD0-AAE7-4402BCF299F4}.AppStore|Any CPU.Build.0 = Debug|Any CPU
		{3A6834E0-230C-4AD0-AAE7-4402BCF299F4}.AppStore|ARM.ActiveCfg = Debug|Any CPU
		{3A6834E0-230C-4AD0-AAE7-4402BCF299F4}.AppStore|ARM.Build.0 = Debug|Any CPU
		{3A6834E0-230C-4AD0-AAE7-4402BCF299F4}.AppStore|iPhone.ActiveCfg = Debug|Any CPU
		{3A6834E0-230C-4AD0-AAE7-4402BCF299F4}.AppStore|iPhone.Build.0 = Debug|Any CPU
		{3A6834E0-230C-4AD0-AAE7-4402BCF299F4}.AppStore|iPhoneSimulator.ActiveCfg = Debug|Any CPU
		{3A6834E0-230C-4AD0-AAE7-4402BCF299F4}.AppStore|iPhoneSimulator.Build.0 = Debug|Any CPU
		{3A6834E0-230C-4AD0-AAE7-4402BCF299F4}.AppStore|x64.ActiveCfg = Debug|Any CPU
		{3A6834E0-230C-4AD0-AAE7-4402BCF299F4}.AppStore|x64.Build.0 = Debug|Any CPU
		{3A6834E0-230C-4AD0-AAE7-4402BCF299F4}.AppStore|x86.ActiveCfg = Debug|Any CPU
		{3A6834E0-230C-4AD0-AAE7-4402BCF299F4}.AppStore|x86.Build.0 = Debug|Any CPU
		{3A6834E0-230C-4AD0-AAE7-4402BCF299F4}.Debug|Any CPU.ActiveCfg = Debug|Any CPU
		{3A6834E0-230C-4AD0-AAE7-4402BCF299F4}.Debug|Any CPU.Build.0 = Debug|Any CPU
		{3A6834E0-230C-4AD0-AAE7-4402BCF299F4}.Debug|ARM.ActiveCfg = Debug|Any CPU
		{3A6834E0-230C-4AD0-AAE7-4402BCF299F4}.Debug|ARM.Build.0 = Debug|Any CPU
		{3A6834E0-230C-4AD0-AAE7-4402BCF299F4}.Debug|iPhone.ActiveCfg = Debug|Any CPU
		{3A6834E0-230C-4AD0-AAE7-4402BCF299F4}.Debug|iPhone.Build.0 = Debug|Any CPU
		{3A6834E0-230C-4AD0-AAE7-4402BCF299F4}.Debug|iPhoneSimulator.ActiveCfg = Debug|Any CPU
		{3A6834E0-230C-4AD0-AAE7-4402BCF299F4}.Debug|iPhoneSimulator.Build.0 = Debug|Any CPU
		{3A6834E0-230C-4AD0-AAE7-4402BCF299F4}.Debug|x64.ActiveCfg = Debug|Any CPU
		{3A6834E0-230C-4AD0-AAE7-4402BCF299F4}.Debug|x64.Build.0 = Debug|Any CPU
		{3A6834E0-230C-4AD0-AAE7-4402BCF299F4}.Debug|x86.ActiveCfg = Debug|Any CPU
		{3A6834E0-230C-4AD0-AAE7-4402BCF299F4}.Debug|x86.Build.0 = Debug|Any CPU
		{3A6834E0-230C-4AD0-AAE7-4402BCF299F4}.Release|Any CPU.ActiveCfg = Release|Any CPU
		{3A6834E0-230C-4AD0-AAE7-4402BCF299F4}.Release|Any CPU.Build.0 = Release|Any CPU
		{3A6834E0-230C-4AD0-AAE7-4402BCF299F4}.Release|ARM.ActiveCfg = Release|Any CPU
		{3A6834E0-230C-4AD0-AAE7-4402BCF299F4}.Release|ARM.Build.0 = Release|Any CPU
		{3A6834E0-230C-4AD0-AAE7-4402BCF299F4}.Release|iPhone.ActiveCfg = Release|Any CPU
		{3A6834E0-230C-4AD0-AAE7-4402BCF299F4}.Release|iPhone.Build.0 = Release|Any CPU
		{3A6834E0-230C-4AD0-AAE7-4402BCF299F4}.Release|iPhoneSimulator.ActiveCfg = Release|Any CPU
		{3A6834E0-230C-4AD0-AAE7-4402BCF299F4}.Release|iPhoneSimulator.Build.0 = Release|Any CPU
		{3A6834E0-230C-4AD0-AAE7-4402BCF299F4}.Release|x64.ActiveCfg = Release|Any CPU
		{3A6834E0-230C-4AD0-AAE7-4402BCF299F4}.Release|x64.Build.0 = Release|Any CPU
		{3A6834E0-230C-4AD0-AAE7-4402BCF299F4}.Release|x86.ActiveCfg = Release|Any CPU
		{3A6834E0-230C-4AD0-AAE7-4402BCF299F4}.Release|x86.Build.0 = Release|Any CPU
		{58EC5F07-8172-4E97-A95B-8761D81F3945}.Ad-Hoc|Any CPU.ActiveCfg = Release|Any CPU
		{58EC5F07-8172-4E97-A95B-8761D81F3945}.Ad-Hoc|Any CPU.Build.0 = Release|Any CPU
		{58EC5F07-8172-4E97-A95B-8761D81F3945}.Ad-Hoc|Any CPU.Deploy.0 = Release|Any CPU
		{58EC5F07-8172-4E97-A95B-8761D81F3945}.Ad-Hoc|ARM.ActiveCfg = Release|Any CPU
		{58EC5F07-8172-4E97-A95B-8761D81F3945}.Ad-Hoc|ARM.Build.0 = Release|Any CPU
		{58EC5F07-8172-4E97-A95B-8761D81F3945}.Ad-Hoc|ARM.Deploy.0 = Release|Any CPU
		{58EC5F07-8172-4E97-A95B-8761D81F3945}.Ad-Hoc|iPhone.ActiveCfg = Release|Any CPU
		{58EC5F07-8172-4E97-A95B-8761D81F3945}.Ad-Hoc|iPhone.Build.0 = Release|Any CPU
		{58EC5F07-8172-4E97-A95B-8761D81F3945}.Ad-Hoc|iPhone.Deploy.0 = Release|Any CPU
		{58EC5F07-8172-4E97-A95B-8761D81F3945}.Ad-Hoc|iPhoneSimulator.ActiveCfg = Release|Any CPU
		{58EC5F07-8172-4E97-A95B-8761D81F3945}.Ad-Hoc|iPhoneSimulator.Build.0 = Release|Any CPU
		{58EC5F07-8172-4E97-A95B-8761D81F3945}.Ad-Hoc|iPhoneSimulator.Deploy.0 = Release|Any CPU
		{58EC5F07-8172-4E97-A95B-8761D81F3945}.Ad-Hoc|x64.ActiveCfg = Release|Any CPU
		{58EC5F07-8172-4E97-A95B-8761D81F3945}.Ad-Hoc|x64.Build.0 = Release|Any CPU
		{58EC5F07-8172-4E97-A95B-8761D81F3945}.Ad-Hoc|x64.Deploy.0 = Release|Any CPU
		{58EC5F07-8172-4E97-A95B-8761D81F3945}.Ad-Hoc|x86.ActiveCfg = Release|Any CPU
		{58EC5F07-8172-4E97-A95B-8761D81F3945}.Ad-Hoc|x86.Build.0 = Release|Any CPU
		{58EC5F07-8172-4E97-A95B-8761D81F3945}.Ad-Hoc|x86.Deploy.0 = Release|Any CPU
		{58EC5F07-8172-4E97-A95B-8761D81F3945}.AppStore|Any CPU.ActiveCfg = Release|Any CPU
		{58EC5F07-8172-4E97-A95B-8761D81F3945}.AppStore|Any CPU.Build.0 = Release|Any CPU
		{58EC5F07-8172-4E97-A95B-8761D81F3945}.AppStore|Any CPU.Deploy.0 = Release|Any CPU
		{58EC5F07-8172-4E97-A95B-8761D81F3945}.AppStore|ARM.ActiveCfg = Release|Any CPU
		{58EC5F07-8172-4E97-A95B-8761D81F3945}.AppStore|ARM.Build.0 = Release|Any CPU
		{58EC5F07-8172-4E97-A95B-8761D81F3945}.AppStore|ARM.Deploy.0 = Release|Any CPU
		{58EC5F07-8172-4E97-A95B-8761D81F3945}.AppStore|iPhone.ActiveCfg = Release|Any CPU
		{58EC5F07-8172-4E97-A95B-8761D81F3945}.AppStore|iPhone.Build.0 = Release|Any CPU
		{58EC5F07-8172-4E97-A95B-8761D81F3945}.AppStore|iPhone.Deploy.0 = Release|Any CPU
		{58EC5F07-8172-4E97-A95B-8761D81F3945}.AppStore|iPhoneSimulator.ActiveCfg = Release|Any CPU
		{58EC5F07-8172-4E97-A95B-8761D81F3945}.AppStore|iPhoneSimulator.Build.0 = Release|Any CPU
		{58EC5F07-8172-4E97-A95B-8761D81F3945}.AppStore|iPhoneSimulator.Deploy.0 = Release|Any CPU
		{58EC5F07-8172-4E97-A95B-8761D81F3945}.AppStore|x64.ActiveCfg = Release|Any CPU
		{58EC5F07-8172-4E97-A95B-8761D81F3945}.AppStore|x64.Build.0 = Release|Any CPU
		{58EC5F07-8172-4E97-A95B-8761D81F3945}.AppStore|x64.Deploy.0 = Release|Any CPU
		{58EC5F07-8172-4E97-A95B-8761D81F3945}.AppStore|x86.ActiveCfg = Release|Any CPU
		{58EC5F07-8172-4E97-A95B-8761D81F3945}.AppStore|x86.Build.0 = Release|Any CPU
		{58EC5F07-8172-4E97-A95B-8761D81F3945}.AppStore|x86.Deploy.0 = Release|Any CPU
		{58EC5F07-8172-4E97-A95B-8761D81F3945}.Debug|Any CPU.ActiveCfg = Debug|Any CPU
		{58EC5F07-8172-4E97-A95B-8761D81F3945}.Debug|Any CPU.Build.0 = Debug|Any CPU
		{58EC5F07-8172-4E97-A95B-8761D81F3945}.Debug|Any CPU.Deploy.0 = Debug|Any CPU
		{58EC5F07-8172-4E97-A95B-8761D81F3945}.Debug|ARM.ActiveCfg = Debug|Any CPU
		{58EC5F07-8172-4E97-A95B-8761D81F3945}.Debug|ARM.Build.0 = Debug|Any CPU
		{58EC5F07-8172-4E97-A95B-8761D81F3945}.Debug|ARM.Deploy.0 = Debug|Any CPU
		{58EC5F07-8172-4E97-A95B-8761D81F3945}.Debug|iPhone.ActiveCfg = Debug|Any CPU
		{58EC5F07-8172-4E97-A95B-8761D81F3945}.Debug|iPhone.Build.0 = Debug|Any CPU
		{58EC5F07-8172-4E97-A95B-8761D81F3945}.Debug|iPhone.Deploy.0 = Debug|Any CPU
		{58EC5F07-8172-4E97-A95B-8761D81F3945}.Debug|iPhoneSimulator.ActiveCfg = Debug|Any CPU
		{58EC5F07-8172-4E97-A95B-8761D81F3945}.Debug|iPhoneSimulator.Build.0 = Debug|Any CPU
		{58EC5F07-8172-4E97-A95B-8761D81F3945}.Debug|iPhoneSimulator.Deploy.0 = Debug|Any CPU
		{58EC5F07-8172-4E97-A95B-8761D81F3945}.Debug|x64.ActiveCfg = Debug|Any CPU
		{58EC5F07-8172-4E97-A95B-8761D81F3945}.Debug|x64.Build.0 = Debug|Any CPU
		{58EC5F07-8172-4E97-A95B-8761D81F3945}.Debug|x64.Deploy.0 = Debug|Any CPU
		{58EC5F07-8172-4E97-A95B-8761D81F3945}.Debug|x86.ActiveCfg = Debug|Any CPU
		{58EC5F07-8172-4E97-A95B-8761D81F3945}.Debug|x86.Build.0 = Debug|Any CPU
		{58EC5F07-8172-4E97-A95B-8761D81F3945}.Debug|x86.Deploy.0 = Debug|Any CPU
		{58EC5F07-8172-4E97-A95B-8761D81F3945}.Release|Any CPU.ActiveCfg = Release|Any CPU
		{58EC5F07-8172-4E97-A95B-8761D81F3945}.Release|Any CPU.Build.0 = Release|Any CPU
		{58EC5F07-8172-4E97-A95B-8761D81F3945}.Release|Any CPU.Deploy.0 = Release|Any CPU
		{58EC5F07-8172-4E97-A95B-8761D81F3945}.Release|ARM.ActiveCfg = Release|Any CPU
		{58EC5F07-8172-4E97-A95B-8761D81F3945}.Release|ARM.Build.0 = Release|Any CPU
		{58EC5F07-8172-4E97-A95B-8761D81F3945}.Release|ARM.Deploy.0 = Release|Any CPU
		{58EC5F07-8172-4E97-A95B-8761D81F3945}.Release|iPhone.ActiveCfg = Release|Any CPU
		{58EC5F07-8172-4E97-A95B-8761D81F3945}.Release|iPhone.Build.0 = Release|Any CPU
		{58EC5F07-8172-4E97-A95B-8761D81F3945}.Release|iPhone.Deploy.0 = Release|Any CPU
		{58EC5F07-8172-4E97-A95B-8761D81F3945}.Release|iPhoneSimulator.ActiveCfg = Release|Any CPU
		{58EC5F07-8172-4E97-A95B-8761D81F3945}.Release|iPhoneSimulator.Build.0 = Release|Any CPU
		{58EC5F07-8172-4E97-A95B-8761D81F3945}.Release|iPhoneSimulator.Deploy.0 = Release|Any CPU
		{58EC5F07-8172-4E97-A95B-8761D81F3945}.Release|x64.ActiveCfg = Release|Any CPU
		{58EC5F07-8172-4E97-A95B-8761D81F3945}.Release|x64.Build.0 = Release|Any CPU
		{58EC5F07-8172-4E97-A95B-8761D81F3945}.Release|x64.Deploy.0 = Release|Any CPU
		{58EC5F07-8172-4E97-A95B-8761D81F3945}.Release|x86.ActiveCfg = Release|Any CPU
		{58EC5F07-8172-4E97-A95B-8761D81F3945}.Release|x86.Build.0 = Release|Any CPU
		{58EC5F07-8172-4E97-A95B-8761D81F3945}.Release|x86.Deploy.0 = Release|Any CPU
		{3A31DB05-7BBE-4AF1-87A8-B037BCDFB7C0}.Ad-Hoc|Any CPU.ActiveCfg = Ad-Hoc|iPhone
		{3A31DB05-7BBE-4AF1-87A8-B037BCDFB7C0}.Ad-Hoc|ARM.ActiveCfg = Ad-Hoc|iPhone
		{3A31DB05-7BBE-4AF1-87A8-B037BCDFB7C0}.Ad-Hoc|iPhone.ActiveCfg = Ad-Hoc|iPhone
		{3A31DB05-7BBE-4AF1-87A8-B037BCDFB7C0}.Ad-Hoc|iPhone.Build.0 = Ad-Hoc|iPhone
		{3A31DB05-7BBE-4AF1-87A8-B037BCDFB7C0}.Ad-Hoc|iPhoneSimulator.ActiveCfg = Ad-Hoc|iPhoneSimulator
		{3A31DB05-7BBE-4AF1-87A8-B037BCDFB7C0}.Ad-Hoc|iPhoneSimulator.Build.0 = Ad-Hoc|iPhoneSimulator
		{3A31DB05-7BBE-4AF1-87A8-B037BCDFB7C0}.Ad-Hoc|x64.ActiveCfg = Ad-Hoc|iPhone
		{3A31DB05-7BBE-4AF1-87A8-B037BCDFB7C0}.Ad-Hoc|x86.ActiveCfg = Ad-Hoc|iPhone
		{3A31DB05-7BBE-4AF1-87A8-B037BCDFB7C0}.AppStore|Any CPU.ActiveCfg = AppStore|iPhone
		{3A31DB05-7BBE-4AF1-87A8-B037BCDFB7C0}.AppStore|ARM.ActiveCfg = AppStore|iPhone
		{3A31DB05-7BBE-4AF1-87A8-B037BCDFB7C0}.AppStore|iPhone.ActiveCfg = AppStore|iPhone
		{3A31DB05-7BBE-4AF1-87A8-B037BCDFB7C0}.AppStore|iPhone.Build.0 = AppStore|iPhone
		{3A31DB05-7BBE-4AF1-87A8-B037BCDFB7C0}.AppStore|iPhoneSimulator.ActiveCfg = AppStore|iPhoneSimulator
		{3A31DB05-7BBE-4AF1-87A8-B037BCDFB7C0}.AppStore|iPhoneSimulator.Build.0 = AppStore|iPhoneSimulator
		{3A31DB05-7BBE-4AF1-87A8-B037BCDFB7C0}.AppStore|x64.ActiveCfg = AppStore|iPhone
		{3A31DB05-7BBE-4AF1-87A8-B037BCDFB7C0}.AppStore|x86.ActiveCfg = AppStore|iPhone
		{3A31DB05-7BBE-4AF1-87A8-B037BCDFB7C0}.Debug|Any CPU.ActiveCfg = Debug|iPhone
		{3A31DB05-7BBE-4AF1-87A8-B037BCDFB7C0}.Debug|ARM.ActiveCfg = Debug|iPhone
		{3A31DB05-7BBE-4AF1-87A8-B037BCDFB7C0}.Debug|iPhone.ActiveCfg = Debug|iPhone
		{3A31DB05-7BBE-4AF1-87A8-B037BCDFB7C0}.Debug|iPhone.Build.0 = Debug|iPhone
		{3A31DB05-7BBE-4AF1-87A8-B037BCDFB7C0}.Debug|iPhoneSimulator.ActiveCfg = Debug|iPhoneSimulator
		{3A31DB05-7BBE-4AF1-87A8-B037BCDFB7C0}.Debug|iPhoneSimulator.Build.0 = Debug|iPhoneSimulator
		{3A31DB05-7BBE-4AF1-87A8-B037BCDFB7C0}.Debug|x64.ActiveCfg = Debug|iPhone
		{3A31DB05-7BBE-4AF1-87A8-B037BCDFB7C0}.Debug|x86.ActiveCfg = Debug|iPhone
		{3A31DB05-7BBE-4AF1-87A8-B037BCDFB7C0}.Release|Any CPU.ActiveCfg = Release|iPhone
		{3A31DB05-7BBE-4AF1-87A8-B037BCDFB7C0}.Release|ARM.ActiveCfg = Release|iPhone
		{3A31DB05-7BBE-4AF1-87A8-B037BCDFB7C0}.Release|iPhone.ActiveCfg = Release|iPhone
		{3A31DB05-7BBE-4AF1-87A8-B037BCDFB7C0}.Release|iPhone.Build.0 = Release|iPhone
		{3A31DB05-7BBE-4AF1-87A8-B037BCDFB7C0}.Release|iPhoneSimulator.ActiveCfg = Release|iPhoneSimulator
		{3A31DB05-7BBE-4AF1-87A8-B037BCDFB7C0}.Release|iPhoneSimulator.Build.0 = Release|iPhoneSimulator
		{3A31DB05-7BBE-4AF1-87A8-B037BCDFB7C0}.Release|x64.ActiveCfg = Release|iPhone
		{3A31DB05-7BBE-4AF1-87A8-B037BCDFB7C0}.Release|x86.ActiveCfg = Release|iPhone
		{595979C2-5CFD-4B90-9366-B97A2B7604F0}.Ad-Hoc|Any CPU.ActiveCfg = Release|x86
		{595979C2-5CFD-4B90-9366-B97A2B7604F0}.Ad-Hoc|Any CPU.Build.0 = Release|x86
		{595979C2-5CFD-4B90-9366-B97A2B7604F0}.Ad-Hoc|Any CPU.Deploy.0 = Release|x86
		{595979C2-5CFD-4B90-9366-B97A2B7604F0}.Ad-Hoc|ARM.ActiveCfg = Release|ARM
		{595979C2-5CFD-4B90-9366-B97A2B7604F0}.Ad-Hoc|ARM.Build.0 = Release|ARM
		{595979C2-5CFD-4B90-9366-B97A2B7604F0}.Ad-Hoc|ARM.Deploy.0 = Release|ARM
		{595979C2-5CFD-4B90-9366-B97A2B7604F0}.Ad-Hoc|iPhone.ActiveCfg = Release|x86
		{595979C2-5CFD-4B90-9366-B97A2B7604F0}.Ad-Hoc|iPhone.Build.0 = Release|x86
		{595979C2-5CFD-4B90-9366-B97A2B7604F0}.Ad-Hoc|iPhone.Deploy.0 = Release|x86
		{595979C2-5CFD-4B90-9366-B97A2B7604F0}.Ad-Hoc|iPhoneSimulator.ActiveCfg = Release|x86
		{595979C2-5CFD-4B90-9366-B97A2B7604F0}.Ad-Hoc|iPhoneSimulator.Build.0 = Release|x86
		{595979C2-5CFD-4B90-9366-B97A2B7604F0}.Ad-Hoc|iPhoneSimulator.Deploy.0 = Release|x86
		{595979C2-5CFD-4B90-9366-B97A2B7604F0}.Ad-Hoc|x64.ActiveCfg = Release|x64
		{595979C2-5CFD-4B90-9366-B97A2B7604F0}.Ad-Hoc|x64.Build.0 = Release|x64
		{595979C2-5CFD-4B90-9366-B97A2B7604F0}.Ad-Hoc|x64.Deploy.0 = Release|x64
		{595979C2-5CFD-4B90-9366-B97A2B7604F0}.Ad-Hoc|x86.ActiveCfg = Release|x86
		{595979C2-5CFD-4B90-9366-B97A2B7604F0}.Ad-Hoc|x86.Build.0 = Release|x86
		{595979C2-5CFD-4B90-9366-B97A2B7604F0}.Ad-Hoc|x86.Deploy.0 = Release|x86
		{595979C2-5CFD-4B90-9366-B97A2B7604F0}.AppStore|Any CPU.ActiveCfg = Release|x86
		{595979C2-5CFD-4B90-9366-B97A2B7604F0}.AppStore|Any CPU.Build.0 = Release|x86
		{595979C2-5CFD-4B90-9366-B97A2B7604F0}.AppStore|Any CPU.Deploy.0 = Release|x86
		{595979C2-5CFD-4B90-9366-B97A2B7604F0}.AppStore|ARM.ActiveCfg = Release|ARM
		{595979C2-5CFD-4B90-9366-B97A2B7604F0}.AppStore|ARM.Build.0 = Release|ARM
		{595979C2-5CFD-4B90-9366-B97A2B7604F0}.AppStore|ARM.Deploy.0 = Release|ARM
		{595979C2-5CFD-4B90-9366-B97A2B7604F0}.AppStore|iPhone.ActiveCfg = Release|x86
		{595979C2-5CFD-4B90-9366-B97A2B7604F0}.AppStore|iPhone.Build.0 = Release|x86
		{595979C2-5CFD-4B90-9366-B97A2B7604F0}.AppStore|iPhone.Deploy.0 = Release|x86
		{595979C2-5CFD-4B90-9366-B97A2B7604F0}.AppStore|iPhoneSimulator.ActiveCfg = Release|x86
		{595979C2-5CFD-4B90-9366-B97A2B7604F0}.AppStore|iPhoneSimulator.Build.0 = Release|x86
		{595979C2-5CFD-4B90-9366-B97A2B7604F0}.AppStore|iPhoneSimulator.Deploy.0 = Release|x86
		{595979C2-5CFD-4B90-9366-B97A2B7604F0}.AppStore|x64.ActiveCfg = Release|x64
		{595979C2-5CFD-4B90-9366-B97A2B7604F0}.AppStore|x64.Build.0 = Release|x64
		{595979C2-5CFD-4B90-9366-B97A2B7604F0}.AppStore|x64.Deploy.0 = Release|x64
		{595979C2-5CFD-4B90-9366-B97A2B7604F0}.AppStore|x86.ActiveCfg = Release|x86
		{595979C2-5CFD-4B90-9366-B97A2B7604F0}.AppStore|x86.Build.0 = Release|x86
		{595979C2-5CFD-4B90-9366-B97A2B7604F0}.AppStore|x86.Deploy.0 = Release|x86
		{595979C2-5CFD-4B90-9366-B97A2B7604F0}.Debug|Any CPU.ActiveCfg = Debug|x86
		{595979C2-5CFD-4B90-9366-B97A2B7604F0}.Debug|ARM.ActiveCfg = Debug|ARM
		{595979C2-5CFD-4B90-9366-B97A2B7604F0}.Debug|ARM.Build.0 = Debug|ARM
		{595979C2-5CFD-4B90-9366-B97A2B7604F0}.Debug|ARM.Deploy.0 = Debug|ARM
		{595979C2-5CFD-4B90-9366-B97A2B7604F0}.Debug|iPhone.ActiveCfg = Debug|x86
		{595979C2-5CFD-4B90-9366-B97A2B7604F0}.Debug|iPhoneSimulator.ActiveCfg = Debug|x86
		{595979C2-5CFD-4B90-9366-B97A2B7604F0}.Debug|x64.ActiveCfg = Debug|x64
		{595979C2-5CFD-4B90-9366-B97A2B7604F0}.Debug|x64.Build.0 = Debug|x64
		{595979C2-5CFD-4B90-9366-B97A2B7604F0}.Debug|x64.Deploy.0 = Debug|x64
		{595979C2-5CFD-4B90-9366-B97A2B7604F0}.Debug|x86.ActiveCfg = Debug|x86
		{595979C2-5CFD-4B90-9366-B97A2B7604F0}.Debug|x86.Build.0 = Debug|x86
		{595979C2-5CFD-4B90-9366-B97A2B7604F0}.Debug|x86.Deploy.0 = Debug|x86
		{595979C2-5CFD-4B90-9366-B97A2B7604F0}.Release|Any CPU.ActiveCfg = Release|x86
		{595979C2-5CFD-4B90-9366-B97A2B7604F0}.Release|ARM.ActiveCfg = Release|ARM
		{595979C2-5CFD-4B90-9366-B97A2B7604F0}.Release|ARM.Build.0 = Release|ARM
		{595979C2-5CFD-4B90-9366-B97A2B7604F0}.Release|ARM.Deploy.0 = Release|ARM
		{595979C2-5CFD-4B90-9366-B97A2B7604F0}.Release|iPhone.ActiveCfg = Release|x86
		{595979C2-5CFD-4B90-9366-B97A2B7604F0}.Release|iPhoneSimulator.ActiveCfg = Release|x86
		{595979C2-5CFD-4B90-9366-B97A2B7604F0}.Release|x64.ActiveCfg = Release|x64
		{595979C2-5CFD-4B90-9366-B97A2B7604F0}.Release|x64.Build.0 = Release|x64
		{595979C2-5CFD-4B90-9366-B97A2B7604F0}.Release|x64.Deploy.0 = Release|x64
		{595979C2-5CFD-4B90-9366-B97A2B7604F0}.Release|x86.ActiveCfg = Release|x86
		{595979C2-5CFD-4B90-9366-B97A2B7604F0}.Release|x86.Build.0 = Release|x86
		{595979C2-5CFD-4B90-9366-B97A2B7604F0}.Release|x86.Deploy.0 = Release|x86
	EndGlobalSection
	GlobalSection(SolutionProperties) = preSolution
		HideSolutionNode = FALSE
	EndGlobalSection
	GlobalSection(ExtensibilityGlobals) = postSolution
		SolutionGuid = {9D3FA6CC-0E6C-448F-AE0F-7A86E62CCEA9}
	EndGlobalSection
EndGlobal
